
Microsoft Visual Studio Solution File, Format Version 12.00
# Visual Studio 15
VisualStudioVersion = 15.0.33423.255
MinimumVisualStudioVersion = 10.0.40219.1
Project("{FAE04EC0-301F-11D3-BF4B-00C04F79EFBC}") = "DBS PROJECT 1", "DBS PROJECT 1\DBS PROJECT 1.csproj", "{1FE5520B-A1A9-484B-A663-5938EDC63D52}"
EndProject
Global
	GlobalSection(SolutionConfigurationPlatforms) = preSolution
		Debug|Any CPU = Debug|Any CPU
		Release|Any CPU = Release|Any CPU
	EndGlobalSection
	GlobalSection(ProjectConfigurationPlatforms) = postSolution
		{1FE5520B-A1A9-484B-A663-5938EDC63D52}.Debug|Any CPU.ActiveCfg = Debug|Any CPU
		{1FE5520B-A1A9-484B-A663-5938EDC63D52}.Debug|Any CPU.Build.0 = Debug|Any CPU
		{1FE5520B-A1A9-484B-A663-5938EDC63D52}.Release|Any CPU.ActiveCfg = Release|Any CPU
		{1FE5520B-A1A9-484B-A663-5938EDC63D52}.Release|Any CPU.Build.0 = Release|Any CPU
	EndGlobalSection
	GlobalSection(SolutionProperties) = preSolution
		HideSolutionNode = FALSE
	EndGlobalSection
	GlobalSection(ExtensibilityGlobals) = postSolution
		SolutionGuid = {372D8802-5091-4E63-AE39-3C7303506532}
	EndGlobalSection
EndGlobal
